{
  "name": "@mcp-platform/public-tests",
  "version": "1.0.0",
  "lockfileVersion": 3,
  "requires": true,
  "packages": {
    "": {
      "name": "@mcp-platform/public-tests",
      "version": "1.0.0",
      "dependencies": {
        "@mcp-platform/connector-sdk": "file:../connector-sdk",
        "@mcp-platform/shared-contracts": "file:../shared-contracts"
      }
    },
    "../connector-sdk": {
      "name": "@mcp-platform/connector-sdk",
      "version": "1.0.0",
      "license": "Apache-2.0",
      "dependencies": {
        "@apidevtools/swagger-parser": "^10.0.3",
        "js-yaml": "^4.1.0"
      },
      "devDependencies": {
        "@types/js-yaml": "^4.0.9",
        "@types/node": "^22.0.0",
        "typescript": "^5.0.0"
      }
    },
    "../shared-contracts": {
      "name": "@mcp-platform/shared-contracts",
      "version": "1.0.0",
      "license": "Apache-2.0",
      "devDependencies": {
        "typescript": "^5.0.0"
      }
    },
    "node_modules/@mcp-platform/connector-sdk": {
      "resolved": "../connector-sdk",
      "link": true
    },
    "node_modules/@mcp-platform/shared-contracts": {
      "resolved": "../shared-contracts",
      "link": true
    }
  }
}
